# THIS IS AN AUTOGENERATED FILE. DO NOT EDIT THIS FILE DIRECTLY.
# yarn lockfile v1


options@>=0.0.5:
  version "0.0.6"
  resolved "http://10.122.105.204:4873/options/-/options-0.0.6.tgz#ec22d312806bb53e731773e7cdaefcf1c643128f"
  integrity sha1-7CLTEoBrtT5zF3Pnza788cZDEo8=

ultron@1.0.x:
  version "1.0.2"
  resolved "http://10.122.105.204:4873/ultron/-/ultron-1.0.2.tgz#ace116ab557cd197386a4e88f4685378c8b2e4fa"
  integrity sha1-rOEWq1V80Zc4ak6I9GhTeMiy5Po=

ws@1.1.1:
  version "1.1.1"
  resolved "http://10.122.105.204:4873/ws/-/ws-1.1.1.tgz#082ddb6c641e85d4bb451f03d52f06eabdb1f018"
  integrity sha1-CC3bbGQehdS7RR8D1S8G6r2x8Bg=
  dependencies:
    options ">=0.0.5"
    ultron "1.0.x"
